{
  "version": 1,
  "dependencies": {
    "net11.0-windows7.0": {
      "Microsoft.DotNet.ILCompiler": {
        "type": "Direct",
        "requested": "[11.0.0-rc.1.26425.128, )",
        "resolved": "11.0.0-rc.1.26425.128",
        "contentHash": "q57ZvrTIRKI4s12hLMA3LN4Gh48CuiGMKGL0Pmz7YnGLIvkQVMX8T+DtI6VdqYaCnGTstiw1LdE2PRsd13WdNg=="
      },
      "Microsoft.NET.ILLink.Tasks": {
        "type": "Direct",
        "requested": "[11.0.0-rc.1.26425.128, )",
        "resolved": "11.0.0-rc.1.26425.128",
        "contentHash": "oMgihfjNcxZpR9B/O5Ke8Qmr8CJcpdzG4PnVYtA6Ja4g41NELxLRuiqqh5ys7w+ourEBNng2IIZnrlMJXfncmQ=="
      }
    },
    "net11.0-windows7.0/win-x64": {
      "Microsoft.DotNet.ILCompiler": {
        "type": "Direct",
        "requested": "[11.0.0-rc.1.26425.128, )",
        "resolved": "11.0.0-rc.1.26425.128",
        "contentHash": "q57ZvrTIRKI4s12hLMA3LN4Gh48CuiGMKGL0Pmz7YnGLIvkQVMX8T+DtI6VdqYaCnGTstiw1LdE2PRsd13WdNg==",
        "dependencies": {
          "runtime.win-x64.Microsoft.DotNet.ILCompiler": "11.0.0-rc.1.26425.128"
        }
      },
      "runtime.win-x64.Microsoft.DotNet.ILCompiler": {
        "type": "Transitive",
        "resolved": "11.0.0-rc.1.26425.128",
        "contentHash": "0Frg4z5XxWgW6GxrjFX7NkROqkPbuA3f+0q9Di24jf27EOZ4KA3UaKl8QptT2XPspewfPO4buICFtFFc0ULWsA=="
      }
    }
  }
}