Microsoft Visual Studio Solution File, Format Version 12.00
# Visual Studio Version 18
VisualStudioVersion = 18.0.11012.119
MinimumVisualStudioVersion = 10.0.40219.1
Project("{9A19103F-16F7-4668-BE54-9A1E7A4F7556}") = "Flow.Launcher", "Flow.Launcher\Flow.Launcher.csproj", "{DB90F671-D861-46BB-93A3-F1304F5BA1C5}"
	ProjectSection(ProjectDependencies) = postProject
		{A9976C5C-B73A-4D29-B654-EF1C0C4C9C8C} = {A9976C5C-B73A-4D29-B654-EF1C0C4C9C8C}
	EndProjectSection
EndProject
Project("{2150E333-8FDC-42A3-9474-1A3956D46DE8}") = "Plugins", "Plugins", "{3A73F5A7-0335-40D8-BF7C-F20BE5D0BA87}"
EndProject
Project("{9A19103F-16F7-4668-BE54-9A1E7A4F7556}") = "Flow.Launcher.Infrastructure", "Flow.Launcher.Infrastructure\Flow.Launcher.Infrastructure.csproj", "{4FD29318-A8AB-4D8F-AA47-60BC241B8DA3}"
EndProject
Project("{9A19103F-16F7-4668-BE54-9A1E7A4F7556}") = "Flow.Launcher.Core", "Flow.Launcher.Core\Flow.Launcher.Core.csproj", "{B749F0DB-8E75-47DB-9E5E-265D16D0C0D2}"
EndProject
Project("{9A19103F-16F7-4668-BE54-9A1E7A4F7556}") = "Flow.Launcher.Plugin.Program", "Plugins\Flow.Launcher.Plugin.Program\Flow.Launcher.Plugin.Program.csproj", "{FDB3555B-58EF-4AE6-B5F1-904719637AB4}"
EndProject
Project("{9A19103F-16F7-4668-BE54-9A1E7A4F7556}") = "Flow.Launcher.Plugin.PluginIndicator", "Plugins\Flow.Launcher.Plugin.PluginIndicator\Flow.Launcher.Plugin.PluginIndicator.csproj", "{FDED22C8-B637-42E8-824A-63B5B6E05A3A}"
EndProject
Project("{9A19103F-16F7-4668-BE54-9A1E7A4F7556}") = "Flow.Launcher.Plugin.Sys", "Plugins\Flow.Launcher.Plugin.Sys\Flow.Launcher.Plugin.Sys.csproj", "{0B9DE348-9361-4940-ADB6-F5953BFFCCEC}"
EndProject
Project("{2150E333-8FDC-42A3-9474-1A3956D46DE8}") = "Solution Items", "Solution Items", "{FFD651C7-0546-441F-BC8C-D4EE8FD01EA7}"
	ProjectSection(SolutionItems) = preProject
		.editorconfig = .editorconfig
		.gitattributes = .gitattributes
		.gitignore = .gitignore
		Directory.Build.props = Directory.Build.props
		LICENSE = LICENSE
		README.md = README.md
		Settings.XamlStyler = Settings.XamlStyler
		SolutionAssemblyInfo.cs = SolutionAssemblyInfo.cs
	EndProjectSection
EndProject
Project("{9A19103F-16F7-4668-BE54-9A1E7A4F7556}") = "Flow.Launcher.Plugin.Calculator", "Plugins\Flow.Launcher.Plugin.Calculator\Flow.Launcher.Plugin.Calculator.csproj", "{59BD9891-3837-438A-958D-ADC7F91F6F7E}"
EndProject
Project("{9A19103F-16F7-4668-BE54-9A1E7A4F7556}") = "Flow.Launcher.Plugin.ProcessKiller", "Plugins\Flow.Launcher.Plugin.ProcessKiller\Flow.Launcher.Plugin.ProcessKiller.csproj", "{588088F4-3262-4F9F-9663-A05DE12534C3}"
EndProject
Project("{9A19103F-16F7-4668-BE54-9A1E7A4F7556}") = "Flow.Launcher.Plugin.WindowsSettings", "Plugins\Flow.Launcher.Plugin.WindowsSettings\Flow.Launcher.Plugin.WindowsSettings.csproj", "{5043CECE-E6A7-4867-9CBE-02D27D83747A}"
EndProject
Project("{FAE04EC0-301F-11D3-BF4B-00C04F79EFBC}") = "Flow.Launcher.Plugin.WindowsServices", "Plugins\Flow.Launcher.Plugin.WindowsServices\Flow.Launcher.Plugin.WindowsServices.csproj", "{F68C5D49-5338-48CC-AEED-3F0B852B2657}"
EndProject
Project("{FAE04EC0-301F-11D3-BF4B-00C04F79EFBC}") = "Flow.Launcher.Plugin.Explorer", "Plugins\Flow.Launcher.Plugin.Explorer\Flow.Launcher.Plugin.Explorer.csproj", "{571770C0-9C67-623C-D935-61B7A78548E3}"
EndProject
Project("{FAE04EC0-301F-11D3-BF4B-00C04F79EFBC}") = "Flow.Launcher.Plugin.WindowsTasks", "Plugins\Flow.Launcher.Plugin.WindowsTasks\Flow.Launcher.Plugin.WindowsTasks.csproj", "{D9F2344B-C87A-4977-AD54-71B8B3D8C95B}"
EndProject
Project("{FAE04EC0-301F-11D3-BF4B-00C04F79EFBC}") = "Flow.Launcher.Command", "Flow.Launcher.Command\Flow.Launcher.Command.csproj", "{A9976C5C-B73A-4D29-B654-EF1C0C4C9C8C}"
EndProject
Project("{FAE04EC0-301F-11D3-BF4B-00C04F79EFBC}") = "Flow.Launcher.Interop", "Flow.Launcher.Interop\Flow.Launcher.Interop.csproj", "{912C4247-314C-445F-AF1D-FFEBC2D6EB3C}"
EndProject
Project("{FAE04EC0-301F-11D3-BF4B-00C04F79EFBC}") = "Flow.Launcher.PluginSDK", "Flow.Launcher.PluginSDK\Flow.Launcher.PluginSDK.csproj", "{D07055D4-0132-4056-B43D-073F1CDD967E}"
EndProject
Global
	GlobalSection(SolutionConfigurationPlatforms) = preSolution
		Debug|Any CPU = Debug|Any CPU
		Debug|x64 = Debug|x64
		Debug|x86 = Debug|x86
		Release|Any CPU = Release|Any CPU
		Release|x64 = Release|x64
		Release|x86 = Release|x86
	EndGlobalSection
	GlobalSection(ProjectConfigurationPlatforms) = postSolution
		{DB90F671-D861-46BB-93A3-F1304F5BA1C5}.Debug|Any CPU.ActiveCfg = Debug|Any CPU
		{DB90F671-D861-46BB-93A3-F1304F5BA1C5}.Debug|Any CPU.Build.0 = Debug|Any CPU
		{DB90F671-D861-46BB-93A3-F1304F5BA1C5}.Debug|x64.ActiveCfg = Debug|Any CPU
		{DB90F671-D861-46BB-93A3-F1304F5BA1C5}.Debug|x64.Build.0 = Debug|Any CPU
		{DB90F671-D861-46BB-93A3-F1304F5BA1C5}.Debug|x86.ActiveCfg = Debug|Any CPU
		{DB90F671-D861-46BB-93A3-F1304F5BA1C5}.Debug|x86.Build.0 = Debug|Any CPU
		{DB90F671-D861-46BB-93A3-F1304F5BA1C5}.Release|Any CPU.ActiveCfg = Release|Any CPU
		{DB90F671-D861-46BB-93A3-F1304F5BA1C5}.Release|Any CPU.Build.0 = Release|Any CPU
		{DB90F671-D861-46BB-93A3-F1304F5BA1C5}.Release|x64.ActiveCfg = Release|Any CPU
		{DB90F671-D861-46BB-93A3-F1304F5BA1C5}.Release|x64.Build.0 = Release|Any CPU
		{DB90F671-D861-46BB-93A3-F1304F5BA1C5}.Release|x86.ActiveCfg = Release|Any CPU
		{DB90F671-D861-46BB-93A3-F1304F5BA1C5}.Release|x86.Build.0 = Release|Any CPU
		{4FD29318-A8AB-4D8F-AA47-60BC241B8DA3}.Debug|Any CPU.ActiveCfg = Debug|Any CPU
		{4FD29318-A8AB-4D8F-AA47-60BC241B8DA3}.Debug|Any CPU.Build.0 = Debug|Any CPU
		{4FD29318-A8AB-4D8F-AA47-60BC241B8DA3}.Debug|x64.ActiveCfg = Debug|Any CPU
		{4FD29318-A8AB-4D8F-AA47-60BC241B8DA3}.Debug|x64.Build.0 = Debug|Any CPU
		{4FD29318-A8AB-4D8F-AA47-60BC241B8DA3}.Debug|x86.ActiveCfg = Debug|Any CPU
		{4FD29318-A8AB-4D8F-AA47-60BC241B8DA3}.Debug|x86.Build.0 = Debug|Any CPU
		{4FD29318-A8AB-4D8F-AA47-60BC241B8DA3}.Release|Any CPU.ActiveCfg = Release|Any CPU
		{4FD29318-A8AB-4D8F-AA47-60BC241B8DA3}.Release|Any CPU.Build.0 = Release|Any CPU
		{4FD29318-A8AB-4D8F-AA47-60BC241B8DA3}.Release|x64.ActiveCfg = Release|Any CPU
		{4FD29318-A8AB-4D8F-AA47-60BC241B8DA3}.Release|x64.Build.0 = Release|Any CPU
		{4FD29318-A8AB-4D8F-AA47-60BC241B8DA3}.Release|x86.ActiveCfg = Release|Any CPU
		{4FD29318-A8AB-4D8F-AA47-60BC241B8DA3}.Release|x86.Build.0 = Release|Any CPU
		{B749F0DB-8E75-47DB-9E5E-265D16D0C0D2}.Debug|Any CPU.ActiveCfg = Debug|Any CPU
		{B749F0DB-8E75-47DB-9E5E-265D16D0C0D2}.Debug|Any CPU.Build.0 = Debug|Any CPU
		{B749F0DB-8E75-47DB-9E5E-265D16D0C0D2}.Debug|x64.ActiveCfg = Debug|Any CPU
		{B749F0DB-8E75-47DB-9E5E-265D16D0C0D2}.Debug|x64.Build.0 = Debug|Any CPU
		{B749F0DB-8E75-47DB-9E5E-265D16D0C0D2}.Debug|x86.ActiveCfg = Debug|Any CPU
		{B749F0DB-8E75-47DB-9E5E-265D16D0C0D2}.Debug|x86.Build.0 = Debug|Any CPU
		{B749F0DB-8E75-47DB-9E5E-265D16D0C0D2}.Release|Any CPU.ActiveCfg = Release|Any CPU
		{B749F0DB-8E75-47DB-9E5E-265D16D0C0D2}.Release|Any CPU.Build.0 = Release|Any CPU
		{B749F0DB-8E75-47DB-9E5E-265D16D0C0D2}.Release|x64.ActiveCfg = Release|Any CPU
		{B749F0DB-8E75-47DB-9E5E-265D16D0C0D2}.Release|x64.Build.0 = Release|Any CPU
		{B749F0DB-8E75-47DB-9E5E-265D16D0C0D2}.Release|x86.ActiveCfg = Release|Any CPU
		{B749F0DB-8E75-47DB-9E5E-265D16D0C0D2}.Release|x86.Build.0 = Release|Any CPU
		{FDB3555B-58EF-4AE6-B5F1-904719637AB4}.Debug|Any CPU.ActiveCfg = Debug|Any CPU
		{FDB3555B-58EF-4AE6-B5F1-904719637AB4}.Debug|Any CPU.Build.0 = Debug|Any CPU
		{FDB3555B-58EF-4AE6-B5F1-904719637AB4}.Debug|x64.ActiveCfg = Debug|Any CPU
		{FDB3555B-58EF-4AE6-B5F1-904719637AB4}.Debug|x64.Build.0 = Debug|Any CPU
		{FDB3555B-58EF-4AE6-B5F1-904719637AB4}.Debug|x86.ActiveCfg = Debug|Any CPU
		{FDB3555B-58EF-4AE6-B5F1-904719637AB4}.Debug|x86.Build.0 = Debug|Any CPU
		{FDB3555B-58EF-4AE6-B5F1-904719637AB4}.Release|Any CPU.ActiveCfg = Release|Any CPU
		{FDB3555B-58EF-4AE6-B5F1-904719637AB4}.Release|Any CPU.Build.0 = Release|Any CPU
		{FDB3555B-58EF-4AE6-B5F1-904719637AB4}.Release|x64.ActiveCfg = Release|Any CPU
		{FDB3555B-58EF-4AE6-B5F1-904719637AB4}.Release|x64.Build.0 = Release|Any CPU
		{FDB3555B-58EF-4AE6-B5F1-904719637AB4}.Release|x86.ActiveCfg = Release|Any CPU
		{FDB3555B-58EF-4AE6-B5F1-904719637AB4}.Release|x86.Build.0 = Release|Any CPU
		{FDED22C8-B637-42E8-824A-63B5B6E05A3A}.Debug|Any CPU.ActiveCfg = Debug|Any CPU
		{FDED22C8-B637-42E8-824A-63B5B6E05A3A}.Debug|Any CPU.Build.0 = Debug|Any CPU
		{FDED22C8-B637-42E8-824A-63B5B6E05A3A}.Debug|x64.ActiveCfg = Debug|Any CPU
		{FDED22C8-B637-42E8-824A-63B5B6E05A3A}.Debug|x64.Build.0 = Debug|Any CPU
		{FDED22C8-B637-42E8-824A-63B5B6E05A3A}.Debug|x86.ActiveCfg = Debug|Any CPU
		{FDED22C8-B637-42E8-824A-63B5B6E05A3A}.Debug|x86.Build.0 = Debug|Any CPU
		{FDED22C8-B637-42E8-824A-63B5B6E05A3A}.Release|Any CPU.ActiveCfg = Release|Any CPU
		{FDED22C8-B637-42E8-824A-63B5B6E05A3A}.Release|Any CPU.Build.0 = Release|Any CPU
		{FDED22C8-B637-42E8-824A-63B5B6E05A3A}.Release|x64.ActiveCfg = Release|Any CPU
		{FDED22C8-B637-42E8-824A-63B5B6E05A3A}.Release|x64.Build.0 = Release|Any CPU
		{FDED22C8-B637-42E8-824A-63B5B6E05A3A}.Release|x86.ActiveCfg = Release|Any CPU
		{FDED22C8-B637-42E8-824A-63B5B6E05A3A}.Release|x86.Build.0 = Release|Any CPU
		{0B9DE348-9361-4940-ADB6-F5953BFFCCEC}.Debug|Any CPU.ActiveCfg = Debug|Any CPU
		{0B9DE348-9361-4940-ADB6-F5953BFFCCEC}.Debug|Any CPU.Build.0 = Debug|Any CPU
		{0B9DE348-9361-4940-ADB6-F5953BFFCCEC}.Debug|x64.ActiveCfg = Debug|Any CPU
		{0B9DE348-9361-4940-ADB6-F5953BFFCCEC}.Debug|x64.Build.0 = Debug|Any CPU
		{0B9DE348-9361-4940-ADB6-F5953BFFCCEC}.Debug|x86.ActiveCfg = Debug|Any CPU
		{0B9DE348-9361-4940-ADB6-F5953BFFCCEC}.Debug|x86.Build.0 = Debug|Any CPU
		{0B9DE348-9361-4940-ADB6-F5953BFFCCEC}.Release|Any CPU.ActiveCfg = Release|Any CPU
		{0B9DE348-9361-4940-ADB6-F5953BFFCCEC}.Release|Any CPU.Build.0 = Release|Any CPU
		{0B9DE348-9361-4940-ADB6-F5953BFFCCEC}.Release|x64.ActiveCfg = Release|Any CPU
		{0B9DE348-9361-4940-ADB6-F5953BFFCCEC}.Release|x64.Build.0 = Release|Any CPU
		{0B9DE348-9361-4940-ADB6-F5953BFFCCEC}.Release|x86.ActiveCfg = Release|Any CPU
		{0B9DE348-9361-4940-ADB6-F5953BFFCCEC}.Release|x86.Build.0 = Release|Any CPU
		{59BD9891-3837-438A-958D-ADC7F91F6F7E}.Debug|Any CPU.ActiveCfg = Debug|Any CPU
		{59BD9891-3837-438A-958D-ADC7F91F6F7E}.Debug|Any CPU.Build.0 = Debug|Any CPU
		{59BD9891-3837-438A-958D-ADC7F91F6F7E}.Debug|x64.ActiveCfg = Debug|Any CPU
		{59BD9891-3837-438A-958D-ADC7F91F6F7E}.Debug|x64.Build.0 = Debug|Any CPU
		{59BD9891-3837-438A-958D-ADC7F91F6F7E}.Debug|x86.ActiveCfg = Debug|Any CPU
		{59BD9891-3837-438A-958D-ADC7F91F6F7E}.Debug|x86.Build.0 = Debug|Any CPU
		{59BD9891-3837-438A-958D-ADC7F91F6F7E}.Release|Any CPU.ActiveCfg = Release|Any CPU
		{59BD9891-3837-438A-958D-ADC7F91F6F7E}.Release|Any CPU.Build.0 = Release|Any CPU
		{59BD9891-3837-438A-958D-ADC7F91F6F7E}.Release|x64.ActiveCfg = Release|Any CPU
		{59BD9891-3837-438A-958D-ADC7F91F6F7E}.Release|x64.Build.0 = Release|Any CPU
		{59BD9891-3837-438A-958D-ADC7F91F6F7E}.Release|x86.ActiveCfg = Release|Any CPU
		{59BD9891-3837-438A-958D-ADC7F91F6F7E}.Release|x86.Build.0 = Release|Any CPU
		{588088F4-3262-4F9F-9663-A05DE12534C3}.Debug|Any CPU.ActiveCfg = Debug|Any CPU
		{588088F4-3262-4F9F-9663-A05DE12534C3}.Debug|Any CPU.Build.0 = Debug|Any CPU
		{588088F4-3262-4F9F-9663-A05DE12534C3}.Debug|x64.ActiveCfg = Debug|Any CPU
		{588088F4-3262-4F9F-9663-A05DE12534C3}.Debug|x64.Build.0 = Debug|Any CPU
		{588088F4-3262-4F9F-9663-A05DE12534C3}.Debug|x86.ActiveCfg = Debug|Any CPU
		{588088F4-3262-4F9F-9663-A05DE12534C3}.Debug|x86.Build.0 = Debug|Any CPU
		{588088F4-3262-4F9F-9663-A05DE12534C3}.Release|Any CPU.ActiveCfg = Release|Any CPU
		{588088F4-3262-4F9F-9663-A05DE12534C3}.Release|Any CPU.Build.0 = Release|Any CPU
		{588088F4-3262-4F9F-9663-A05DE12534C3}.Release|x64.ActiveCfg = Release|Any CPU
		{588088F4-3262-4F9F-9663-A05DE12534C3}.Release|x64.Build.0 = Release|Any CPU
		{588088F4-3262-4F9F-9663-A05DE12534C3}.Release|x86.ActiveCfg = Release|Any CPU
		{588088F4-3262-4F9F-9663-A05DE12534C3}.Release|x86.Build.0 = Release|Any CPU
		{5043CECE-E6A7-4867-9CBE-02D27D83747A}.Debug|Any CPU.ActiveCfg = Debug|Any CPU
		{5043CECE-E6A7-4867-9CBE-02D27D83747A}.Debug|Any CPU.Build.0 = Debug|Any CPU
		{5043CECE-E6A7-4867-9CBE-02D27D83747A}.Debug|x64.ActiveCfg = Debug|Any CPU
		{5043CECE-E6A7-4867-9CBE-02D27D83747A}.Debug|x64.Build.0 = Debug|Any CPU
		{5043CECE-E6A7-4867-9CBE-02D27D83747A}.Debug|x86.ActiveCfg = Debug|Any CPU
		{5043CECE-E6A7-4867-9CBE-02D27D83747A}.Debug|x86.Build.0 = Debug|Any CPU
		{5043CECE-E6A7-4867-9CBE-02D27D83747A}.Release|Any CPU.ActiveCfg = Release|Any CPU
		{5043CECE-E6A7-4867-9CBE-02D27D83747A}.Release|Any CPU.Build.0 = Release|Any CPU
		{5043CECE-E6A7-4867-9CBE-02D27D83747A}.Release|x64.ActiveCfg = Release|Any CPU
		{5043CECE-E6A7-4867-9CBE-02D27D83747A}.Release|x64.Build.0 = Release|Any CPU
		{5043CECE-E6A7-4867-9CBE-02D27D83747A}.Release|x86.ActiveCfg = Release|Any CPU
		{5043CECE-E6A7-4867-9CBE-02D27D83747A}.Release|x86.Build.0 = Release|Any CPU
		{F68C5D49-5338-48CC-AEED-3F0B852B2657}.Debug|Any CPU.ActiveCfg = Debug|Any CPU
		{F68C5D49-5338-48CC-AEED-3F0B852B2657}.Debug|Any CPU.Build.0 = Debug|Any CPU
		{F68C5D49-5338-48CC-AEED-3F0B852B2657}.Debug|x64.ActiveCfg = Debug|Any CPU
		{F68C5D49-5338-48CC-AEED-3F0B852B2657}.Debug|x64.Build.0 = Debug|Any CPU
		{F68C5D49-5338-48CC-AEED-3F0B852B2657}.Debug|x86.ActiveCfg = Debug|Any CPU
		{F68C5D49-5338-48CC-AEED-3F0B852B2657}.Debug|x86.Build.0 = Debug|Any CPU
		{F68C5D49-5338-48CC-AEED-3F0B852B2657}.Release|Any CPU.ActiveCfg = Release|Any CPU
		{F68C5D49-5338-48CC-AEED-3F0B852B2657}.Release|Any CPU.Build.0 = Release|Any CPU
		{F68C5D49-5338-48CC-AEED-3F0B852B2657}.Release|x64.ActiveCfg = Release|Any CPU
		{F68C5D49-5338-48CC-AEED-3F0B852B2657}.Release|x64.Build.0 = Release|Any CPU
		{F68C5D49-5338-48CC-AEED-3F0B852B2657}.Release|x86.ActiveCfg = Release|Any CPU
		{F68C5D49-5338-48CC-AEED-3F0B852B2657}.Release|x86.Build.0 = Release|Any CPU
		{571770C0-9C67-623C-D935-61B7A78548E3}.Debug|Any CPU.ActiveCfg = Debug|Any CPU
		{571770C0-9C67-623C-D935-61B7A78548E3}.Debug|Any CPU.Build.0 = Debug|Any CPU
		{571770C0-9C67-623C-D935-61B7A78548E3}.Debug|x64.ActiveCfg = Debug|Any CPU
		{571770C0-9C67-623C-D935-61B7A78548E3}.Debug|x64.Build.0 = Debug|Any CPU
		{571770C0-9C67-623C-D935-61B7A78548E3}.Debug|x86.ActiveCfg = Debug|Any CPU
		{571770C0-9C67-623C-D935-61B7A78548E3}.Debug|x86.Build.0 = Debug|Any CPU
		{571770C0-9C67-623C-D935-61B7A78548E3}.Release|Any CPU.ActiveCfg = Release|Any CPU
		{571770C0-9C67-623C-D935-61B7A78548E3}.Release|Any CPU.Build.0 = Release|Any CPU
		{571770C0-9C67-623C-D935-61B7A78548E3}.Release|x64.ActiveCfg = Release|Any CPU
		{571770C0-9C67-623C-D935-61B7A78548E3}.Release|x64.Build.0 = Release|Any CPU
		{571770C0-9C67-623C-D935-61B7A78548E3}.Release|x86.ActiveCfg = Release|Any CPU
		{571770C0-9C67-623C-D935-61B7A78548E3}.Release|x86.Build.0 = Release|Any CPU
		{D9F2344B-C87A-4977-AD54-71B8B3D8C95B}.Debug|Any CPU.ActiveCfg = Debug|Any CPU
		{D9F2344B-C87A-4977-AD54-71B8B3D8C95B}.Debug|Any CPU.Build.0 = Debug|Any CPU
		{D9F2344B-C87A-4977-AD54-71B8B3D8C95B}.Debug|x64.ActiveCfg = Debug|Any CPU
		{D9F2344B-C87A-4977-AD54-71B8B3D8C95B}.Debug|x64.Build.0 = Debug|Any CPU
		{D9F2344B-C87A-4977-AD54-71B8B3D8C95B}.Debug|x86.ActiveCfg = Debug|Any CPU
		{D9F2344B-C87A-4977-AD54-71B8B3D8C95B}.Debug|x86.Build.0 = Debug|Any CPU
		{D9F2344B-C87A-4977-AD54-71B8B3D8C95B}.Release|Any CPU.ActiveCfg = Release|Any CPU
		{D9F2344B-C87A-4977-AD54-71B8B3D8C95B}.Release|Any CPU.Build.0 = Release|Any CPU
		{D9F2344B-C87A-4977-AD54-71B8B3D8C95B}.Release|x64.ActiveCfg = Release|Any CPU
		{D9F2344B-C87A-4977-AD54-71B8B3D8C95B}.Release|x64.Build.0 = Release|Any CPU
		{D9F2344B-C87A-4977-AD54-71B8B3D8C95B}.Release|x86.ActiveCfg = Release|Any CPU
		{D9F2344B-C87A-4977-AD54-71B8B3D8C95B}.Release|x86.Build.0 = Release|Any CPU
		{A9976C5C-B73A-4D29-B654-EF1C0C4C9C8C}.Debug|Any CPU.ActiveCfg = Debug|Any CPU
		{A9976C5C-B73A-4D29-B654-EF1C0C4C9C8C}.Debug|Any CPU.Build.0 = Debug|Any CPU
		{A9976C5C-B73A-4D29-B654-EF1C0C4C9C8C}.Debug|x64.ActiveCfg = Debug|Any CPU
		{A9976C5C-B73A-4D29-B654-EF1C0C4C9C8C}.Debug|x64.Build.0 = Debug|Any CPU
		{A9976C5C-B73A-4D29-B654-EF1C0C4C9C8C}.Debug|x86.ActiveCfg = Debug|Any CPU
		{A9976C5C-B73A-4D29-B654-EF1C0C4C9C8C}.Debug|x86.Build.0 = Debug|Any CPU
		{A9976C5C-B73A-4D29-B654-EF1C0C4C9C8C}.Release|Any CPU.ActiveCfg = Release|Any CPU
		{A9976C5C-B73A-4D29-B654-EF1C0C4C9C8C}.Release|Any CPU.Build.0 = Release|Any CPU
		{A9976C5C-B73A-4D29-B654-EF1C0C4C9C8C}.Release|x64.ActiveCfg = Release|Any CPU
		{A9976C5C-B73A-4D29-B654-EF1C0C4C9C8C}.Release|x64.Build.0 = Release|Any CPU
		{A9976C5C-B73A-4D29-B654-EF1C0C4C9C8C}.Release|x86.ActiveCfg = Release|Any CPU
		{A9976C5C-B73A-4D29-B654-EF1C0C4C9C8C}.Release|x86.Build.0 = Release|Any CPU
		{912C4247-314C-445F-AF1D-FFEBC2D6EB3C}.Debug|Any CPU.ActiveCfg = Debug|Any CPU
		{912C4247-314C-445F-AF1D-FFEBC2D6EB3C}.Debug|Any CPU.Build.0 = Debug|Any CPU
		{912C4247-314C-445F-AF1D-FFEBC2D6EB3C}.Debug|x64.ActiveCfg = Debug|Any CPU
		{912C4247-314C-445F-AF1D-FFEBC2D6EB3C}.Debug|x64.Build.0 = Debug|Any CPU
		{912C4247-314C-445F-AF1D-FFEBC2D6EB3C}.Debug|x86.ActiveCfg = Debug|Any CPU
		{912C4247-314C-445F-AF1D-FFEBC2D6EB3C}.Debug|x86.Build.0 = Debug|Any CPU
		{912C4247-314C-445F-AF1D-FFEBC2D6EB3C}.Release|Any CPU.ActiveCfg = Release|Any CPU
		{912C4247-314C-445F-AF1D-FFEBC2D6EB3C}.Release|Any CPU.Build.0 = Release|Any CPU
		{912C4247-314C-445F-AF1D-FFEBC2D6EB3C}.Release|x64.ActiveCfg = Release|Any CPU
		{912C4247-314C-445F-AF1D-FFEBC2D6EB3C}.Release|x64.Build.0 = Release|Any CPU
		{912C4247-314C-445F-AF1D-FFEBC2D6EB3C}.Release|x86.ActiveCfg = Release|Any CPU
		{912C4247-314C-445F-AF1D-FFEBC2D6EB3C}.Release|x86.Build.0 = Release|Any CPU
		{D07055D4-0132-4056-B43D-073F1CDD967E}.Debug|Any CPU.ActiveCfg = Debug|Any CPU
		{D07055D4-0132-4056-B43D-073F1CDD967E}.Debug|Any CPU.Build.0 = Debug|Any CPU
		{D07055D4-0132-4056-B43D-073F1CDD967E}.Debug|x64.ActiveCfg = Debug|Any CPU
		{D07055D4-0132-4056-B43D-073F1CDD967E}.Debug|x64.Build.0 = Debug|Any CPU
		{D07055D4-0132-4056-B43D-073F1CDD967E}.Debug|x86.ActiveCfg = Debug|Any CPU
		{D07055D4-0132-4056-B43D-073F1CDD967E}.Debug|x86.Build.0 = Debug|Any CPU
		{D07055D4-0132-4056-B43D-073F1CDD967E}.Release|Any CPU.ActiveCfg = Release|Any CPU
		{D07055D4-0132-4056-B43D-073F1CDD967E}.Release|Any CPU.Build.0 = Release|Any CPU
		{D07055D4-0132-4056-B43D-073F1CDD967E}.Release|x64.ActiveCfg = Release|Any CPU
		{D07055D4-0132-4056-B43D-073F1CDD967E}.Release|x64.Build.0 = Release|Any CPU
		{D07055D4-0132-4056-B43D-073F1CDD967E}.Release|x86.ActiveCfg = Release|Any CPU
		{D07055D4-0132-4056-B43D-073F1CDD967E}.Release|x86.Build.0 = Release|Any CPU
	EndGlobalSection
	GlobalSection(SolutionProperties) = preSolution
		HideSolutionNode = FALSE
	EndGlobalSection
	GlobalSection(NestedProjects) = preSolution
		{FDB3555B-58EF-4AE6-B5F1-904719637AB4} = {3A73F5A7-0335-40D8-BF7C-F20BE5D0BA87}
		{FDED22C8-B637-42E8-824A-63B5B6E05A3A} = {3A73F5A7-0335-40D8-BF7C-F20BE5D0BA87}
		{0B9DE348-9361-4940-ADB6-F5953BFFCCEC} = {3A73F5A7-0335-40D8-BF7C-F20BE5D0BA87}
		{59BD9891-3837-438A-958D-ADC7F91F6F7E} = {3A73F5A7-0335-40D8-BF7C-F20BE5D0BA87}
		{588088F4-3262-4F9F-9663-A05DE12534C3} = {3A73F5A7-0335-40D8-BF7C-F20BE5D0BA87}
		{5043CECE-E6A7-4867-9CBE-02D27D83747A} = {3A73F5A7-0335-40D8-BF7C-F20BE5D0BA87}
		{F68C5D49-5338-48CC-AEED-3F0B852B2657} = {3A73F5A7-0335-40D8-BF7C-F20BE5D0BA87}
		{571770C0-9C67-623C-D935-61B7A78548E3} = {3A73F5A7-0335-40D8-BF7C-F20BE5D0BA87}
		{D9F2344B-C87A-4977-AD54-71B8B3D8C95B} = {3A73F5A7-0335-40D8-BF7C-F20BE5D0BA87}
	EndGlobalSection
	GlobalSection(ExtensibilityGlobals) = postSolution
		SolutionGuid = {F26ACB50-3F6C-4907-B0C9-1ADACC1D0DED}
	EndGlobalSection
EndGlobal
