<Solution>
  <Configurations>
    <Platform Name="x64" />
  </Configurations>
  <Folder Name="/Plugins/">
    <Project Path="Plugins/Flow.Launcher.Plugin.Calculator/Flow.Launcher.Plugin.Calculator.csproj" />
    <Project Path="Plugins/Flow.Launcher.Plugin.Explorer/Flow.Launcher.Plugin.Explorer.csproj" />
    <Project Path="Plugins/Flow.Launcher.Plugin.PluginIndicator/Flow.Launcher.Plugin.PluginIndicator.csproj" />
    <Project Path="Plugins/Flow.Launcher.Plugin.ProcessKiller/Flow.Launcher.Plugin.ProcessKiller.csproj" />
    <Project Path="Plugins/Flow.Launcher.Plugin.Program/Flow.Launcher.Plugin.Program.csproj" />
    <Project Path="Plugins/Flow.Launcher.Plugin.Sys/Flow.Launcher.Plugin.Sys.csproj" />
    <Project Path="Plugins/Flow.Launcher.Plugin.WindowsServices/Flow.Launcher.Plugin.WindowsServices.csproj" />
    <Project Path="Plugins/Flow.Launcher.Plugin.WindowsSettings/Flow.Launcher.Plugin.WindowsSettings.csproj" />
    <Project Path="Plugins/Flow.Launcher.Plugin.WindowsTasks/Flow.Launcher.Plugin.WindowsTasks.csproj" />
  </Folder>
  <Folder Name="/Solution Items/">
    <File Path=".editorconfig" />
    <File Path=".gitattributes" />
    <File Path=".gitignore" />
    <File Path="Directory.Build.props" />
    <File Path="LICENSE" />
    <File Path="README.md" />
    <File Path="Settings.XamlStyler" />
    <File Path="SolutionAssemblyInfo.cs" />
  </Folder>
  <Project Path="Flow.Launcher.Command/Flow.Launcher.Command.csproj" />
  <Project Path="Flow.Launcher.Core/Flow.Launcher.Core.csproj" />
  <Project Path="Flow.Launcher.Interop/Flow.Launcher.Interop.csproj" />
  <Project Path="Flow.Launcher.PluginSDK/Flow.Launcher.PluginSDK.csproj" />
  <Project Path="Flow.Launcher/Flow.Launcher.csproj">
    <BuildDependency Project="Flow.Launcher.Command/Flow.Launcher.Command.csproj" />
  </Project>

  <!-- UI.WPF.Modern -->
  <Folder Name="/UI.WPF.Modern/">
    <Project Path="UI.WPF.Modern/source/iNKORE.UI.WPF.Modern.Controls/iNKORE.UI.WPF.Modern.Controls.csproj" />
    <Project Path="UI.WPF.Modern/source/Inkore.UI.WPF.Modern/iNKORE.UI.WPF.Modern.csproj" />
  </Folder>
  <Folder Name="/UI.WPF.Modern/Tools/">
    <Project Path="UI.WPF.Modern/source/tools/WinUIResourcesConverter/WinUIResourcesConverter.csproj" />
    <Project Path="UI.WPF.Modern/tools/IconKeyFileMaker/IconKeyFileMaker.csproj" />
  </Folder>

  <Folder Name="/UI.WPF.Modern/Assets/" />
  <Folder Name="/UI.WPF.Modern/Assets/Fonts/">
    <File Path="UI.WPF.Modern/assets/fonts/SegoeIcons.ttf" />
  </Folder>
  <Folder Name="/UI.WPF.Modern/Assets/Misc/">
    <File Path="UI.WPF.Modern/assets/misc/iNKORE.Pulic.snk" />
  </Folder>
  <Folder Name="/UI.WPF.Modern/SolutionItems/">
    <File Path="UI.WPF.Modern/Directory.Build.props" />
    <File Path="UI.WPF.Modern/Directory.Build.targets" />
  </Folder>
</Solution>
